
Microsoft Visual Studio Solution File, Format Version 12.00
# Visual Studio Version 16
VisualStudioVersion = 16.0.32126.315
MinimumVisualStudioVersion = 10.0.40219.1
Project("{FAE04EC0-301F-11D3-BF4B-00C04F79EFBC}") = "HellowWorld", "HellowWorld.csproj", "{506E146C-9B00-43C3-BB91-B57D0F8B2016}"
EndProject
Global
	GlobalSection(SolutionConfigurationPlatforms) = preSolution
		Debug|Any CPU = Debug|Any CPU
		Release|Any CPU = Release|Any CPU
	EndGlobalSection
	GlobalSection(ProjectConfigurationPlatforms) = postSolution
		{506E146C-9B00-43C3-BB91-B57D0F8B2016}.Debug|Any CPU.ActiveCfg = Debug|Any CPU
		{506E146C-9B00-43C3-BB91-B57D0F8B2016}.Debug|Any CPU.Build.0 = Debug|Any CPU
		{506E146C-9B00-43C3-BB91-B57D0F8B2016}.Release|Any CPU.ActiveCfg = Release|Any CPU
		{506E146C-9B00-43C3-BB91-B57D0F8B2016}.Release|Any CPU.Build.0 = Release|Any CPU
	EndGlobalSection
	GlobalSection(SolutionProperties) = preSolution
		HideSolutionNode = FALSE
	EndGlobalSection
	GlobalSection(ExtensibilityGlobals) = postSolution
		SolutionGuid = {666C25A8-7E7F-4A48-8B9E-1FC97AD3F9C1}
	EndGlobalSection
EndGlobal
